// !$*UTF8*$!
{
	archiveVersion = 1;
	classes = {
	};
	objectVersion = 46;
	objects = {

/* Begin PBXBuildFile section */
		CE8B2CB31D714C41000109F0 /* AppDelegate.swift in Sources */ = {isa = PBXBuildFile; fileRef = CE8B2CB21D714C41000109F0 /* AppDelegate.swift */; };
		CE8B2CB51D714C41000109F0 /* ViewController.swift in Sources */ = {isa = PBXBuildFile; fileRef = CE8B2CB41D714C41000109F0 /* ViewController.swift */; };
		CE8B2CB81D714C41000109F0 /* Main.storyboard in Resources */ = {isa = PBXBuildFile; fileRef = CE8B2CB61D714C41000109F0 /* Main.storyboard */; };
		CE8B2CBB1D714C42000109F0 /* Pokedex.xcdatamodeld in Sources */ = {isa = PBXBuildFile; fileRef = CE8B2CB91D714C42000109F0 /* Pokedex.xcdatamodeld */; };
		CE8B2CBD1D714C42000109F0 /* Assets.xcassets in Resources */ = {isa = PBXBuildFile; fileRef = CE8B2CBC1D714C42000109F0 /* Assets.xcassets */; };
		CE8B2CC01D714C42000109F0 /* LaunchScreen.storyboard in Resources */ = {isa = PBXBuildFile; fileRef = CE8B2CBE1D714C42000109F0 /* LaunchScreen.storyboard */; };
/* End PBXBuildFile section */

/* Begin PBXFileReference section */
		CE8B2CAF1D714C41000109F0 /* Pokedex.app */ = {isa = PBXFileReference; explicitFileType = wrapper.application; includeInIndex = 0; path = Pokedex.app; sourceTree = BUILT_PRODUCTS_DIR; };
		CE8B2CB21D714C41000109F0 /* AppDelegate.swift */ = {isa = PBXFileReference; lastKnownFileType = sourcecode.swift; path = AppDelegate.swift; sourceTree = "<group>"; };
		CE8B2CB41D714C41000109F0 /* ViewController.swift */ = {isa = PBXFileReference; lastKnownFileType = sourcecode.swift; path = ViewController.swift; sourceTree = "<group>"; };
		CE8B2CB71D714C41000109F0 /* Base */ = {isa = PBXFileReference; lastKnownFileType = file.storyboard; name = Base; path = Base.lproj/Main.storyboard; sourceTree = "<group>"; };
		CE8B2CBA1D714C42000109F0 /* Pokedex.xcdatamodel */ = {isa = PBXFileReference; lastKnownFileType = wrapper.xcdatamodel; path = Pokedex.xcdatamodel; sourceTree = "<group>"; };
		CE8B2CBC1D714C42000109F0 /* Assets.xcassets */ = {isa = PBXFileReference; lastKnownFileType = folder.assetcatalog; path = Assets.xcassets; sourceTree = "<group>"; };
		CE8B2CBF1D714C42000109F0 /* Base */ = {isa = PBXFileReference; lastKnownFileType = file.storyboard; name = Base; path = Base.lproj/LaunchScreen.storyboard; sourceTree = "<group>"; };
		CE8B2CC11D714C42000109F0 /* Info.plist */ = {isa = PBXFileReference; lastKnownFileType = text.plist.xml; path = Info.plist; sourceTree = "<group>"; };
/* End PBXFileReference section */

/* Begin PBXFrameworksBuildPhase section */
		CE8B2CAC1D714C41000109F0 /* Frameworks */ = {
			isa = PBXFrameworksBuildPhase;
			buildActionMask = 2147483647;
			files = (
			);
			runOnlyForDeploymentPostprocessing = 0;
		};
/* End PBXFrameworksBuildPhase section */

/* Begin PBXGroup section */
		CE8B2CA61D714C41000109F0 = {
			isa = PBXGroup;
			children = (
				CE8B2CB11D714C41000109F0 /* Pokedex */,
				CE8B2CB01D714C41000109F0 /* Products */,
			);
			sourceTree = "<group>";
		};
		CE8B2CB01D714C41000109F0 /* Products */ = {
			isa = PBXGroup;
			children = (
				CE8B2CAF1D714C41000109F0 /* Pokedex.app */,
			);
			name = Products;
			sourceTree = "<group>";
		};
		CE8B2CB11D714C41000109F0 /* Pokedex */ = {
			isa = PBXGroup;
			children = (
				CE8B2CB21D714C41000109F0 /* AppDelegate.swift */,
				CE8B2CB41D714C41000109F0 /* ViewController.swift */,
				CE8B2CB61D714C41000109F0 /* Main.storyboard */,
				CE8B2CBC1D714C42000109F0 /* Assets.xcassets */,
				CE8B2CBE1D714C42000109F0 /* LaunchScreen.storyboard */,
				CE8B2CC11D714C42000109F0 /* Info.plist */,
				CE8B2CB91D714C42000109F0 /* Pokedex.xcdatamodeld */,
			);
			path = Pokedex;
			sourceTree = "<group>";
		};
/* End PBXGroup section */

/* Begin PBXNativeTarget section */
		CE8B2CAE1D714C41000109F0 /* Pokedex */ = {
			isa = PBXNativeTarget;
			buildConfigurationList = CE8B2CC41D714C42000109F0 /* Build configuration list for PBXNativeTarget "Pokedex" */;
			buildPhases = (
				CE8B2CAB1D714C41000109F0 /* Sources */,
				CE8B2CAC1D714C41000109F0 /* Frameworks */,
				CE8B2CAD1D714C41000109F0 /* Resources */,
			);
			buildRules = (
			);
			dependencies = (
			);
			name = Pokedex;
			productName = Pokedex;
			productReference = CE8B2CAF1D714C41000109F0 /* Pokedex.app */;
			productType = "com.apple.product-type.application";
		};
/* End PBXNativeTarget section */

/* Begin PBXProject section */
		CE8B2CA71D714C41000109F0 /* Project object */ = {
			isa = PBXProject;
			attributes = {
				LastSwiftUpdateCheck = 0730;
				LastUpgradeCheck = 0730;
				ORGANIZATIONNAME = "Little Lujan LLC.";
				TargetAttributes = {
					CE8B2CAE1D714C41000109F0 = {
						CreatedOnToolsVersion = 7.3.1;
						DevelopmentTeam = QX4M7AGJVF;
					};
				};
			};
			buildConfigurationList = CE8B2CAA1D714C41000109F0 /* Build configuration list for PBXProject "Pokedex" */;
			compatibilityVersion = "Xcode 3.2";
			developmentRegion = English;
			hasScannedForEncodings = 0;
			knownRegions = (
				en,
				Base,
			);
			mainGroup = CE8B2CA61D714C41000109F0;
			productRefGroup = CE8B2CB01D714C41000109F0 /* Products */;
			projectDirPath = "";
			projectRoot = "";
			targets = (
				CE8B2CAE1D714C41000109F0 /* Pokedex */,
			);
		};
/* End PBXProject section */

/* Begin PBXResourcesBuildPhase section */
		CE8B2CAD1D714C41000109F0 /* Resources */ = {
			isa = PBXResourcesBuildPhase;
			buildActionMask = 2147483647;
			files = (
				CE8B2CC01D714C42000109F0 /* LaunchScreen.storyboard in Resources */,
				CE8B2CBD1D714C42000109F0 /* Assets.xcassets in Resources */,
				CE8B2CB81D714C41000109F0 /* Main.storyboard in Resources */,
			);
			runOnlyForDeploymentPostprocessing = 0;
		};
/* End PBXResourcesBuildPhase section */

/* Begin PBXSourcesBuildPhase section */
		CE8B2CAB1D714C41000109F0 /* Sources */ = {
			isa = PBXSourcesBuildPhase;
			buildActionMask = 2147483647;
			files = (
				CE8B2CB51D714C41000109F0 /* ViewController.swift in Sources */,
				CE8B2CBB1D714C42000109F0 /* Pokedex.xcdatamodeld in Sources */,
				CE8B2CB31D714C41000109F0 /* AppDelegate.swift in Sources */,
			);
			runOnlyForDeploymentPostprocessing = 0;
		};
/* End PBXSourcesBuildPhase section */

/* Begin PBXVariantGroup section */
		CE8B2CB61D714C41000109F0 /* Main.storyboard */ = {
			isa = PBXVariantGroup;
			children = (
				CE8B2CB71D714C41000109F0 /* Base */,
			);
			name = Main.storyboard;
			sourceTree = "<group>";
		};
		CE8B2CBE1D714C42000109F0 /* LaunchScreen.storyboard */ = {
			isa = PBXVariantGroup;
			children = (
				CE8B2CBF1D714C42000109F0 /* Base */,
			);
			name = LaunchScreen.storyboard;
			sourceTree = "<group>";
		};
/* End PBXVariantGroup section */

/* Begin XCBuildConfiguration section */
		CE8B2CC21D714C42000109F0 /* Debug */ = {
			isa = XCBuildConfiguration;
			buildSettings = {
				ALWAYS_SEARCH_USER_PATHS = NO;
				CLANG_ANALYZER_NONNULL = YES;
				CLANG_CXX_LANGUAGE_STANDARD = "gnu++0x";
				CLANG_CXX_LIBRARY = "libc++";
				CLANG_ENABLE_MODULES = YES;
				CLANG_ENABLE_OBJC_ARC = YES;
				CLANG_WARN_BOOL_CONVERSION = YES;
				CLANG_WARN_CONSTANT_CONVERSION = YES;
				CLANG_WARN_DIRECT_OBJC_ISA_USAGE = YES_ERROR;
				CLANG_WARN_EMPTY_BODY = YES;
				CLANG_WARN_ENUM_CONVERSION = YES;
				CLANG_WARN_INT_CONVERSION = YES;
				CLANG_WARN_OBJC_ROOT_CLASS = YES_ERROR;
				CLANG_WARN_UNREACHABLE_CODE = YES;
				CLANG_WARN__DUPLICATE_METHOD_MATCH = YES;
				"CODE_SIGN_IDENTITY[sdk=iphoneos*]" = "iPhone Developer";
				COPY_PHASE_STRIP = NO;
				DEBUG_INFORMATION_FORMAT = dwarf;
				ENABLE_STRICT_OBJC_MSGSEND = YES;
				ENABLE_TESTABILITY = YES;
				GCC_C_LANGUAGE_STANDARD = gnu99;
				GCC_DYNAMIC_NO_PIC = NO;
				GCC_NO_COMMON_BLOCKS = YES;
				GCC_OPTIMIZATION_LEVEL = 0;
				GCC_PREPROCESSOR_DEFINITIONS = (
					"DEBUG=1",
					"$(inherited)",
				);
				GCC_WARN_64_TO_32_BIT_CONVERSION = YES;
				GCC_WARN_ABOUT_RETURN_TYPE = YES_ERROR;
				GCC_WARN_UNDECLARED_SELECTOR = YES;
				GCC_WARN_UNINITIALIZED_AUTOS = YES_AGGRESSIVE;
				GCC_WARN_UNUSED_FUNCTION = YES;
				GCC_WARN_UNUSED_VARIABLE = YES;
				IPHONEOS_DEPLOYMENT_TARGET = 9.3;
				MTL_ENABLE_DEBUG_INFO = YES;
				ONLY_ACTIVE_ARCH = YES;
				SDKROOT = iphoneos;
				SWIFT_OPTIMIZATION_LEVEL = "-Onone";
				TARGETED_DEVICE_FAMILY = "1,2";
			};
			name = Debug;
		};
		CE8B2CC31D714C42000109F0 /* Release */ = {
			isa = XCBuildConfiguration;
			buildSettings = {
				ALWAYS_SEARCH_USER_PATHS = NO;
				CLANG_ANALYZER_NONNULL = YES;
				CLANG_CXX_LANGUAGE_STANDARD = "gnu++0x";
				CLANG_CXX_LIBRARY = "libc++";
				CLANG_ENABLE_MODULES = YES;
				CLANG_ENABLE_OBJC_ARC = YES;
				CLANG_WARN_BOOL_CONVERSION = YES;
				CLANG_WARN_CONSTANT_CONVERSION = YES;
				CLANG_WARN_DIRECT_OBJC_ISA_USAGE = YES_ERROR;
				CLANG_WARN_EMPTY_BODY = YES;
				CLANG_WARN_ENUM_CONVERSION = YES;
				CLANG_WARN_INT_CONVERSION = YES;
				CLANG_WARN_OBJC_ROOT_CLASS = YES_ERROR;
				CLANG_WARN_UNREACHABLE_CODE = YES;
				CLANG_WARN__DUPLICATE_METHOD_MATCH = YES;
				"CODE_SIGN_IDENTITY[sdk=iphoneos*]" = "iPhone Developer";
				COPY_PHASE_STRIP = NO;
				DEBUG_INFORMATION_FORMAT = "dwarf-with-dsym";
				ENABLE_NS_ASSERTIONS = NO;
				ENABLE_STRICT_OBJC_MSGSEND = YES;
				GCC_C_LANGUAGE_STANDARD = gnu99;
				GCC_NO_COMMON_BLOCKS = YES;
				GCC_WARN_64_TO_32_BIT_CONVERSION = YES;
				GCC_WARN_ABOUT_RETURN_TYPE = YES_ERROR;
				GCC_WARN_UNDECLARED_SELECTOR = YES;
				GCC_WARN_UNINITIALIZED_AUTOS = YES_AGGRESSIVE;
				GCC_WARN_UNUSED_FUNCTION = YES;
				GCC_WARN_UNUSED_VARIABLE = YES;
				IPHONEOS_DEPLOYMENT_TARGET = 9.3;
				MTL_ENABLE_DEBUG_INFO = NO;
				SDKROOT = iphoneos;
				TARGETED_DEVICE_FAMILY = "1,2";
				VALIDATE_PRODUCT = YES;
			};
			name = Release;
		};
		CE8B2CC51D714C42000109F0 /* Debug */ = {
			isa = XCBuildConfiguration;
			buildSettings = {
				ASSETCATALOG_COMPILER_APPICON_NAME = AppIcon;
				INFOPLIST_FILE = Pokedex/Info.plist;
				LD_RUNPATH_SEARCH_PATHS = "$(inherited) @executable_path/Frameworks";
				PRODUCT_BUNDLE_IDENTIFIER = com.littlelujanllc.Pokedex;
				PRODUCT_NAME = "$(TARGET_NAME)";
			};
			name = Debug;
		};
		CE8B2CC61D714C42000109F0 /* Release */ = {
			isa = XCBuildConfiguration;
			buildSettings = {
				ASSETCATALOG_COMPILER_APPICON_NAME = AppIcon;
				INFOPLIST_FILE = Pokedex/Info.plist;
				LD_RUNPATH_SEARCH_PATHS = "$(inherited) @executable_path/Frameworks";
				PRODUCT_BUNDLE_IDENTIFIER = com.littlelujanllc.Pokedex;
				PRODUCT_NAME = "$(TARGET_NAME)";
			};
			name = Release;
		};
/* End XCBuildConfiguration section */

/* Begin XCConfigurationList section */
		CE8B2CAA1D714C41000109F0 /* Build configuration list for PBXProject "Pokedex" */ = {
			isa = XCConfigurationList;
			buildConfigurations = (
				CE8B2CC21D714C42000109F0 /* Debug */,
				CE8B2CC31D714C42000109F0 /* Release */,
			);
			defaultConfigurationIsVisible = 0;
			defaultConfigurationName = Release;
		};
		CE8B2CC41D714C42000109F0 /* Build configuration list for PBXNativeTarget "Pokedex" */ = {
			isa = XCConfigurationList;
			buildConfigurations = (
				CE8B2CC51D714C42000109F0 /* Debug */,
				CE8B2CC61D714C42000109F0 /* Release */,
			);
			defaultConfigurationIsVisible = 0;
		};
/* End XCConfigurationList section */

/* Begin XCVersionGroup section */
		CE8B2CB91D714C42000109F0 /* Pokedex.xcdatamodeld */ = {
			isa = XCVersionGroup;
			children = (
				CE8B2CBA1D714C42000109F0 /* Pokedex.xcdatamodel */,
			);
			currentVersion = CE8B2CBA1D714C42000109F0 /* Pokedex.xcdatamodel */;
			path = Pokedex.xcdatamodeld;
			sourceTree = "<group>";
			versionGroupType = wrapper.xcdatamodel;
		};
/* End XCVersionGroup section */
	};
	rootObject = CE8B2CA71D714C41000109F0 /* Project object */;
}
